
Microsoft Visual Studio Solution File, Format Version 12.00
# Visual Studio 14
VisualStudioVersion = 14.0.25420.1
MinimumVisualStudioVersion = 10.0.40219.1
Project("{8BC9CEB8-8B4A-11D0-8D11-00A0C91BC942}") = "1", "1\1.vcxproj", "{EF4EB60F-C9A4-4930-A05F-DD19CC2E28CE}"
EndProject
Project("{8BC9CEB8-8B4A-11D0-8D11-00A0C91BC942}") = "2", "2\2.vcxproj", "{17810190-EF85-48AB-A291-593A0C588423}"
EndProject
Project("{8BC9CEB8-8B4A-11D0-8D11-00A0C91BC942}") = "3", "3\3.vcxproj", "{6EFEF91A-02DC-4F24-9080-02A1BAD52E6D}"
EndProject
Project("{8BC9CEB8-8B4A-11D0-8D11-00A0C91BC942}") = "4", "4\4.vcxproj", "{5976A6A4-0191-4149-BA93-3130A5EAB866}"
EndProject
Project("{8BC9CEB8-8B4A-11D0-8D11-00A0C91BC942}") = "main5.c", "main5.c\main5.c.vcxproj", "{91A716D6-CEFE-4207-9901-B226124FD175}"
EndProject
Global
	GlobalSection(SolutionConfigurationPlatforms) = preSolution
		Debug|x64 = Debug|x64
		Debug|x86 = Debug|x86
		Release|x64 = Release|x64
		Release|x86 = Release|x86
	EndGlobalSection
	GlobalSection(ProjectConfigurationPlatforms) = postSolution
		{EF4EB60F-C9A4-4930-A05F-DD19CC2E28CE}.Debug|x64.ActiveCfg = Debug|x64
		{EF4EB60F-C9A4-4930-A05F-DD19CC2E28CE}.Debug|x64.Build.0 = Debug|x64
		{EF4EB60F-C9A4-4930-A05F-DD19CC2E28CE}.Debug|x86.ActiveCfg = Debug|Win32
		{EF4EB60F-C9A4-4930-A05F-DD19CC2E28CE}.Debug|x86.Build.0 = Debug|Win32
		{EF4EB60F-C9A4-4930-A05F-DD19CC2E28CE}.Release|x64.ActiveCfg = Release|x64
		{EF4EB60F-C9A4-4930-A05F-DD19CC2E28CE}.Release|x64.Build.0 = Release|x64
		{EF4EB60F-C9A4-4930-A05F-DD19CC2E28CE}.Release|x86.ActiveCfg = Release|Win32
		{EF4EB60F-C9A4-4930-A05F-DD19CC2E28CE}.Release|x86.Build.0 = Release|Win32
		{17810190-EF85-48AB-A291-593A0C588423}.Debug|x64.ActiveCfg = Debug|x64
		{17810190-EF85-48AB-A291-593A0C588423}.Debug|x64.Build.0 = Debug|x64
		{17810190-EF85-48AB-A291-593A0C588423}.Debug|x86.ActiveCfg = Debug|Win32
		{17810190-EF85-48AB-A291-593A0C588423}.Debug|x86.Build.0 = Debug|Win32
		{17810190-EF85-48AB-A291-593A0C588423}.Release|x64.ActiveCfg = Release|x64
		{17810190-EF85-48AB-A291-593A0C588423}.Release|x64.Build.0 = Release|x64
		{17810190-EF85-48AB-A291-593A0C588423}.Release|x86.ActiveCfg = Release|Win32
		{17810190-EF85-48AB-A291-593A0C588423}.Release|x86.Build.0 = Release|Win32
		{6EFEF91A-02DC-4F24-9080-02A1BAD52E6D}.Debug|x64.ActiveCfg = Debug|x64
		{6EFEF91A-02DC-4F24-9080-02A1BAD52E6D}.Debug|x64.Build.0 = Debug|x64
		{6EFEF91A-02DC-4F24-9080-02A1BAD52E6D}.Debug|x86.ActiveCfg = Debug|Win32
		{6EFEF91A-02DC-4F24-9080-02A1BAD52E6D}.Debug|x86.Build.0 = Debug|Win32
		{6EFEF91A-02DC-4F24-9080-02A1BAD52E6D}.Release|x64.ActiveCfg = Release|x64
		{6EFEF91A-02DC-4F24-9080-02A1BAD52E6D}.Release|x64.Build.0 = Release|x64
		{6EFEF91A-02DC-4F24-9080-02A1BAD52E6D}.Release|x86.ActiveCfg = Release|Win32
		{6EFEF91A-02DC-4F24-9080-02A1BAD52E6D}.Release|x86.Build.0 = Release|Win32
		{5976A6A4-0191-4149-BA93-3130A5EAB866}.Debug|x64.ActiveCfg = Debug|x64
		{5976A6A4-0191-4149-BA93-3130A5EAB866}.Debug|x64.Build.0 = Debug|x64
		{5976A6A4-0191-4149-BA93-3130A5EAB866}.Debug|x86.ActiveCfg = Debug|Win32
		{5976A6A4-0191-4149-BA93-3130A5EAB866}.Debug|x86.Build.0 = Debug|Win32
		{5976A6A4-0191-4149-BA93-3130A5EAB866}.Release|x64.ActiveCfg = Release|x64
		{5976A6A4-0191-4149-BA93-3130A5EAB866}.Release|x64.Build.0 = Release|x64
		{5976A6A4-0191-4149-BA93-3130A5EAB866}.Release|x86.ActiveCfg = Release|Win32
		{5976A6A4-0191-4149-BA93-3130A5EAB866}.Release|x86.Build.0 = Release|Win32
		{91A716D6-CEFE-4207-9901-B226124FD175}.Debug|x64.ActiveCfg = Debug|x64
		{91A716D6-CEFE-4207-9901-B226124FD175}.Debug|x64.Build.0 = Debug|x64
		{91A716D6-CEFE-4207-9901-B226124FD175}.Debug|x86.ActiveCfg = Debug|Win32
		{91A716D6-CEFE-4207-9901-B226124FD175}.Debug|x86.Build.0 = Debug|Win32
		{91A716D6-CEFE-4207-9901-B226124FD175}.Release|x64.ActiveCfg = Release|x64
		{91A716D6-CEFE-4207-9901-B226124FD175}.Release|x64.Build.0 = Release|x64
		{91A716D6-CEFE-4207-9901-B226124FD175}.Release|x86.ActiveCfg = Release|Win32
		{91A716D6-CEFE-4207-9901-B226124FD175}.Release|x86.Build.0 = Release|Win32
	EndGlobalSection
	GlobalSection(SolutionProperties) = preSolution
		HideSolutionNode = FALSE
	EndGlobalSection
EndGlobal
